
Microsoft Visual Studio Solution File, Format Version 12.00
# Visual Studio 14
VisualStudioVersion = 14.0.25123.0
MinimumVisualStudioVersion = 10.0.40219.1
Project("{FAE04EC0-301F-11D3-BF4B-00C04F79EFBC}") = "Printer Status", "Printer Status\Printer Status.csproj", "{041F4F60-FEB9-4244-BD8C-B6F62524F400}"
EndProject
Project("{FAE04EC0-301F-11D3-BF4B-00C04F79EFBC}") = "UnitTestProject", "UnitTestProject\UnitTestProject.csproj", "{C8A414D6-30F2-4106-B273-1669FAB050C2}"
EndProject
Global
	GlobalSection(SolutionConfigurationPlatforms) = preSolution
		Debug|Any CPU = Debug|Any CPU
		Release|Any CPU = Release|Any CPU
	EndGlobalSection
	GlobalSection(ProjectConfigurationPlatforms) = postSolution
		{041F4F60-FEB9-4244-BD8C-B6F62524F400}.Debug|Any CPU.ActiveCfg = Debug|Any CPU
		{041F4F60-FEB9-4244-BD8C-B6F62524F400}.Debug|Any CPU.Build.0 = Debug|Any CPU
		{041F4F60-FEB9-4244-BD8C-B6F62524F400}.Release|Any CPU.ActiveCfg = Release|Any CPU
		{041F4F60-FEB9-4244-BD8C-B6F62524F400}.Release|Any CPU.Build.0 = Release|Any CPU
		{C8A414D6-30F2-4106-B273-1669FAB050C2}.Debug|Any CPU.ActiveCfg = Debug|Any CPU
		{C8A414D6-30F2-4106-B273-1669FAB050C2}.Debug|Any CPU.Build.0 = Debug|Any CPU
		{C8A414D6-30F2-4106-B273-1669FAB050C2}.Release|Any CPU.ActiveCfg = Release|Any CPU
		{C8A414D6-30F2-4106-B273-1669FAB050C2}.Release|Any CPU.Build.0 = Release|Any CPU
	EndGlobalSection
	GlobalSection(SolutionProperties) = preSolution
		HideSolutionNode = FALSE
	EndGlobalSection
EndGlobal
